// !$*UTF8*$!
{
	archiveVersion = 1;
	classes = {
	};
	objectVersion = 70;
	objects = {

/* Begin PBXBuildFile section */
		556ABF742D17A2CA004D6A05 /* elaborateTests.swift in Sources */ = {isa = PBXBuildFile; fileRef = 556ABF732D17A2CA004D6A05 /* elaborateTests.swift */; };
		556ABF7E2D17A2CA004D6A05 /* elaborateUITests.swift in Sources */ = {isa = PBXBuildFile; fileRef = 556ABF7D2D17A2CA004D6A05 /* elaborateUITests.swift */; };
		556ABF802D17A2CA004D6A05 /* elaborateUITestsLaunchTests.swift in Sources */ = {isa = PBXBuildFile; fileRef = 556ABF7F2D17A2CA004D6A05 /* elaborateUITestsLaunchTests.swift */; };
		557A56982D1A6DD800209EFF /* Elb.xcframework in Frameworks */ = {isa = PBXBuildFile; fileRef = 557A56972D1A6DD800209EFF /* Elb.xcframework */; };
		557A569A2D1A6DD800209EFF /* Elb.xcframework in Frameworks */ = {isa = PBXBuildFile; fileRef = 557A56972D1A6DD800209EFF /* Elb.xcframework */; };
		557A569C2D1A6FB800209EFF /* README.md in Resources */ = {isa = PBXBuildFile; fileRef = 557A569B2D1A6FB800209EFF /* README.md */; };
		557A569D2D1A6FB800209EFF /* README.md in Resources */ = {isa = PBXBuildFile; fileRef = 557A569B2D1A6FB800209EFF /* README.md */; };
		557A56A42D1A6FF700209EFF /* transport.proto in Sources */ = {isa = PBXBuildFile; fileRef = 557A56A22D1A6FF700209EFF /* transport.proto */; };
		557A56A52D1A6FF700209EFF /* transport.proto in Sources */ = {isa = PBXBuildFile; fileRef = 557A56A22D1A6FF700209EFF /* transport.proto */; };
		5587D1C42D90578000FC75F8 /* Elb.xcframework in Frameworks */ = {isa = PBXBuildFile; fileRef = 557A56972D1A6DD800209EFF /* Elb.xcframework */; };
		5587D1C52D90578000FC75F8 /* Elb.xcframework in Embed Frameworks */ = {isa = PBXBuildFile; fileRef = 557A56972D1A6DD800209EFF /* Elb.xcframework */; settings = {ATTRIBUTES = (CodeSignOnCopy, RemoveHeadersOnCopy, ); }; };
		5587D1C82D90578400FC75F8 /* SwiftProtobuf in Frameworks */ = {isa = PBXBuildFile; productRef = 5587D1C72D90578400FC75F8 /* SwiftProtobuf */; };
		5587D1CA2D90578700FC75F8 /* AsyncAlgorithms in Frameworks */ = {isa = PBXBuildFile; productRef = 5587D1C92D90578700FC75F8 /* AsyncAlgorithms */; };
		5587D1CB2D90578D00FC75F8 /* Elb.xcframework in Frameworks */ = {isa = PBXBuildFile; fileRef = 557A56972D1A6DD800209EFF /* Elb.xcframework */; };
		5587D1CC2D90578D00FC75F8 /* Elb.xcframework in Embed Frameworks */ = {isa = PBXBuildFile; fileRef = 557A56972D1A6DD800209EFF /* Elb.xcframework */; settings = {ATTRIBUTES = (CodeSignOnCopy, RemoveHeadersOnCopy, ); }; };
		5587D1CF2D90579100FC75F8 /* SwiftProtobuf in Frameworks */ = {isa = PBXBuildFile; productRef = 5587D1CE2D90579100FC75F8 /* SwiftProtobuf */; };
		5587D1D12D90579600FC75F8 /* AsyncAlgorithms in Frameworks */ = {isa = PBXBuildFile; productRef = 5587D1D02D90579600FC75F8 /* AsyncAlgorithms */; };
/* End PBXBuildFile section */

/* Begin PBXCopyFilesBuildPhase section */
		5587D1C62D90578000FC75F8 /* Embed Frameworks */ = {
			isa = PBXCopyFilesBuildPhase;
			buildActionMask = 2147483647;
			dstPath = "";
			dstSubfolderSpec = 10;
			files = (
				5587D1C52D90578000FC75F8 /* Elb.xcframework in Embed Frameworks */,
			);
			name = "Embed Frameworks";
			runOnlyForDeploymentPostprocessing = 0;
		};
		5587D1CD2D90578D00FC75F8 /* Embed Frameworks */ = {
			isa = PBXCopyFilesBuildPhase;
			buildActionMask = 2147483647;
			dstPath = "";
			dstSubfolderSpec = 10;
			files = (
				5587D1CC2D90578D00FC75F8 /* Elb.xcframework in Embed Frameworks */,
			);
			name = "Embed Frameworks";
			runOnlyForDeploymentPostprocessing = 0;
		};
/* End PBXCopyFilesBuildPhase section */

/* Begin PBXFileReference section */
		556ABF6F2D17A2CA004D6A05 /* elaborateTests.xctest */ = {isa = PBXFileReference; explicitFileType = wrapper.cfbundle; includeInIndex = 0; path = elaborateTests.xctest; sourceTree = BUILT_PRODUCTS_DIR; };
		556ABF732D17A2CA004D6A05 /* elaborateTests.swift */ = {isa = PBXFileReference; lastKnownFileType = sourcecode.swift; path = elaborateTests.swift; sourceTree = "<group>"; };
		556ABF792D17A2CA004D6A05 /* elaborateUITests.xctest */ = {isa = PBXFileReference; explicitFileType = wrapper.cfbundle; includeInIndex = 0; path = elaborateUITests.xctest; sourceTree = BUILT_PRODUCTS_DIR; };
		556ABF7D2D17A2CA004D6A05 /* elaborateUITests.swift */ = {isa = PBXFileReference; lastKnownFileType = sourcecode.swift; path = elaborateUITests.swift; sourceTree = "<group>"; };
		556ABF7F2D17A2CA004D6A05 /* elaborateUITestsLaunchTests.swift */ = {isa = PBXFileReference; lastKnownFileType = sourcecode.swift; path = elaborateUITestsLaunchTests.swift; sourceTree = "<group>"; };
		557A56972D1A6DD800209EFF /* Elb.xcframework */ = {isa = PBXFileReference; lastKnownFileType = wrapper.xcframework; path = Elb.xcframework; sourceTree = "<group>"; };
		557A569B2D1A6FB800209EFF /* README.md */ = {isa = PBXFileReference; lastKnownFileType = net.daringfireball.markdown; path = README.md; sourceTree = "<group>"; };
		557A569F2D1A6FDC00209EFF /* Makefile */ = {isa = PBXFileReference; lastKnownFileType = sourcecode.make; path = Makefile; sourceTree = "<group>"; };
		557A56A22D1A6FF700209EFF /* transport.proto */ = {isa = PBXFileReference; lastKnownFileType = sourcecode.protobuf; path = transport.proto; sourceTree = "<group>"; };
		5587D1752D90539F00FC75F8 /* macOS.app */ = {isa = PBXFileReference; explicitFileType = wrapper.application; includeInIndex = 0; path = macOS.app; sourceTree = BUILT_PRODUCTS_DIR; };
		5587D18C2D9053CE00FC75F8 /* iOS.app */ = {isa = PBXFileReference; explicitFileType = wrapper.application; includeInIndex = 0; path = iOS.app; sourceTree = BUILT_PRODUCTS_DIR; };
/* End PBXFileReference section */

/* Begin PBXFileSystemSynchronizedBuildFileExceptionSet section */
		5587D1E92D90586A00FC75F8 /* PBXFileSystemSynchronizedBuildFileExceptionSet */ = {
			isa = PBXFileSystemSynchronizedBuildFileExceptionSet;
			membershipExceptions = (
				Assets.xcassets,
				CodeView/CodeAttachment.swift,
				CodeView/CodeContentStorageDelegate.swift,
				CodeView/CodeLayoutManagerDelegate.swift,
				CodeView/CodeStorageDelegate.swift,
				CodeView/CodeView.swift,
				CodeView/CodeViewCoordinator.swift,
				CodeView/NSCodeView.swift,
				"CodeView/NSRange+Extension.swift",
				CodeView/PlatformView.swift,
				CodeView/UICodeView.swift,
				ContentView.swift,
				ElaborateApp.swift,
				ElaborateDocument.swift,
				Info.plist,
				"PreviewContent/Preview Assets.xcassets",
				ResultGroup.swift,
				ResultView.swift,
				"Transport+Extentions.swift",
			);
			target = 556ABF6E2D17A2CA004D6A05 /* elaborateTests */;
		};
		5587D1EA2D90586A00FC75F8 /* PBXFileSystemSynchronizedBuildFileExceptionSet */ = {
			isa = PBXFileSystemSynchronizedBuildFileExceptionSet;
			membershipExceptions = (
				Assets.xcassets,
				CodeView/CodeAttachment.swift,
				CodeView/CodeContentStorageDelegate.swift,
				CodeView/CodeLayoutManagerDelegate.swift,
				CodeView/CodeStorageDelegate.swift,
				CodeView/CodeView.swift,
				CodeView/CodeViewCoordinator.swift,
				CodeView/NSCodeView.swift,
				"CodeView/NSRange+Extension.swift",
				CodeView/PlatformView.swift,
				CodeView/UICodeView.swift,
				ContentView.swift,
				ElaborateApp.swift,
				ElaborateDocument.swift,
				Info.plist,
				"PreviewContent/Preview Assets.xcassets",
				ResultGroup.swift,
				ResultView.swift,
				"Transport+Extentions.swift",
			);
			target = 556ABF782D17A2CA004D6A05 /* elaborateUITests */;
		};
/* End PBXFileSystemSynchronizedBuildFileExceptionSet section */

/* Begin PBXFileSystemSynchronizedRootGroup section */
		5587D1762D90539F00FC75F8 /* macOS */ = {isa = PBXFileSystemSynchronizedRootGroup; explicitFileTypes = {}; explicitFolders = (); path = macOS; sourceTree = "<group>"; };
		5587D18D2D9053CE00FC75F8 /* iOS */ = {isa = PBXFileSystemSynchronizedRootGroup; explicitFileTypes = {}; explicitFolders = (); path = iOS; sourceTree = "<group>"; };
		5587D1E02D90585500FC75F8 /* Shared */ = {isa = PBXFileSystemSynchronizedRootGroup; exceptions = (5587D1E92D90586A00FC75F8 /* PBXFileSystemSynchronizedBuildFileExceptionSet */, 5587D1EA2D90586A00FC75F8 /* PBXFileSystemSynchronizedBuildFileExceptionSet */, ); explicitFileTypes = {}; explicitFolders = (); path = Shared; sourceTree = "<group>"; };
/* End PBXFileSystemSynchronizedRootGroup section */

/* Begin PBXFrameworksBuildPhase section */
		556ABF6C2D17A2CA004D6A05 /* Frameworks */ = {
			isa = PBXFrameworksBuildPhase;
			buildActionMask = 2147483647;
			files = (
				557A569A2D1A6DD800209EFF /* Elb.xcframework in Frameworks */,
			);
			runOnlyForDeploymentPostprocessing = 0;
		};
		556ABF762D17A2CA004D6A05 /* Frameworks */ = {
			isa = PBXFrameworksBuildPhase;
			buildActionMask = 2147483647;
			files = (
				557A56982D1A6DD800209EFF /* Elb.xcframework in Frameworks */,
			);
			runOnlyForDeploymentPostprocessing = 0;
		};
		5587D1722D90539F00FC75F8 /* Frameworks */ = {
			isa = PBXFrameworksBuildPhase;
			buildActionMask = 2147483647;
			files = (
				5587D1C42D90578000FC75F8 /* Elb.xcframework in Frameworks */,
				5587D1C82D90578400FC75F8 /* SwiftProtobuf in Frameworks */,
				5587D1CA2D90578700FC75F8 /* AsyncAlgorithms in Frameworks */,
			);
			runOnlyForDeploymentPostprocessing = 0;
		};
		5587D1892D9053CE00FC75F8 /* Frameworks */ = {
			isa = PBXFrameworksBuildPhase;
			buildActionMask = 2147483647;
			files = (
				5587D1CB2D90578D00FC75F8 /* Elb.xcframework in Frameworks */,
				5587D1CF2D90579100FC75F8 /* SwiftProtobuf in Frameworks */,
				5587D1D12D90579600FC75F8 /* AsyncAlgorithms in Frameworks */,
			);
			runOnlyForDeploymentPostprocessing = 0;
		};
/* End PBXFrameworksBuildPhase section */

/* Begin PBXGroup section */
		555805C02D74C01500209D00 /* Frameworks */ = {
			isa = PBXGroup;
			children = (
			);
			name = Frameworks;
			sourceTree = "<group>";
		};
		556ABF522D17A2C7004D6A05 = {
			isa = PBXGroup;
			children = (
				557A569B2D1A6FB800209EFF /* README.md */,
				557A56972D1A6DD800209EFF /* Elb.xcframework */,
				5587D1762D90539F00FC75F8 /* macOS */,
				5587D18D2D9053CE00FC75F8 /* iOS */,
				5587D1E02D90585500FC75F8 /* Shared */,
				556ABF722D17A2CA004D6A05 /* elaborateTests */,
				556ABF7C2D17A2CA004D6A05 /* elaborateUITests */,
				556ABF5C2D17A2C7004D6A05 /* Products */,
				557A569F2D1A6FDC00209EFF /* Makefile */,
				557A56A22D1A6FF700209EFF /* transport.proto */,
				555805C02D74C01500209D00 /* Frameworks */,
			);
			sourceTree = "<group>";
		};
		556ABF5C2D17A2C7004D6A05 /* Products */ = {
			isa = PBXGroup;
			children = (
				556ABF6F2D17A2CA004D6A05 /* elaborateTests.xctest */,
				556ABF792D17A2CA004D6A05 /* elaborateUITests.xctest */,
				5587D1752D90539F00FC75F8 /* macOS.app */,
				5587D18C2D9053CE00FC75F8 /* iOS.app */,
			);
			name = Products;
			sourceTree = "<group>";
		};
		556ABF722D17A2CA004D6A05 /* elaborateTests */ = {
			isa = PBXGroup;
			children = (
				556ABF732D17A2CA004D6A05 /* elaborateTests.swift */,
			);
			path = elaborateTests;
			sourceTree = "<group>";
		};
		556ABF7C2D17A2CA004D6A05 /* elaborateUITests */ = {
			isa = PBXGroup;
			children = (
				556ABF7D2D17A2CA004D6A05 /* elaborateUITests.swift */,
				556ABF7F2D17A2CA004D6A05 /* elaborateUITestsLaunchTests.swift */,
			);
			path = elaborateUITests;
			sourceTree = "<group>";
		};
/* End PBXGroup section */

/* Begin PBXNativeTarget section */
		556ABF6E2D17A2CA004D6A05 /* elaborateTests */ = {
			isa = PBXNativeTarget;
			buildConfigurationList = 556ABF862D17A2CA004D6A05 /* Build configuration list for PBXNativeTarget "elaborateTests" */;
			buildPhases = (
				556ABF6B2D17A2CA004D6A05 /* Sources */,
				556ABF6C2D17A2CA004D6A05 /* Frameworks */,
				556ABF6D2D17A2CA004D6A05 /* Resources */,
			);
			buildRules = (
			);
			dependencies = (
			);
			fileSystemSynchronizedGroups = (
				5587D1E02D90585500FC75F8 /* Shared */,
			);
			name = elaborateTests;
			productName = elaborateTests;
			productReference = 556ABF6F2D17A2CA004D6A05 /* elaborateTests.xctest */;
			productType = "com.apple.product-type.bundle.unit-test";
		};
		556ABF782D17A2CA004D6A05 /* elaborateUITests */ = {
			isa = PBXNativeTarget;
			buildConfigurationList = 556ABF892D17A2CA004D6A05 /* Build configuration list for PBXNativeTarget "elaborateUITests" */;
			buildPhases = (
				556ABF752D17A2CA004D6A05 /* Sources */,
				556ABF762D17A2CA004D6A05 /* Frameworks */,
				556ABF772D17A2CA004D6A05 /* Resources */,
			);
			buildRules = (
			);
			dependencies = (
			);
			fileSystemSynchronizedGroups = (
				5587D1E02D90585500FC75F8 /* Shared */,
			);
			name = elaborateUITests;
			productName = elaborateUITests;
			productReference = 556ABF792D17A2CA004D6A05 /* elaborateUITests.xctest */;
			productType = "com.apple.product-type.bundle.ui-testing";
		};
		5587D1742D90539F00FC75F8 /* macOS */ = {
			isa = PBXNativeTarget;
			buildConfigurationList = 5587D1852D90539F00FC75F8 /* Build configuration list for PBXNativeTarget "macOS" */;
			buildPhases = (
				5587D1712D90539F00FC75F8 /* Sources */,
				5587D1722D90539F00FC75F8 /* Frameworks */,
				5587D1732D90539F00FC75F8 /* Resources */,
				5587D1C62D90578000FC75F8 /* Embed Frameworks */,
			);
			buildRules = (
			);
			dependencies = (
			);
			fileSystemSynchronizedGroups = (
				5587D1762D90539F00FC75F8 /* macOS */,
				5587D1E02D90585500FC75F8 /* Shared */,
			);
			name = macOS;
			packageProductDependencies = (
				5587D1C72D90578400FC75F8 /* SwiftProtobuf */,
				5587D1C92D90578700FC75F8 /* AsyncAlgorithms */,
			);
			productName = macOS;
			productReference = 5587D1752D90539F00FC75F8 /* macOS.app */;
			productType = "com.apple.product-type.application";
		};
		5587D18B2D9053CE00FC75F8 /* iOS */ = {
			isa = PBXNativeTarget;
			buildConfigurationList = 5587D19D2D9053CF00FC75F8 /* Build configuration list for PBXNativeTarget "iOS" */;
			buildPhases = (
				5587D1882D9053CE00FC75F8 /* Sources */,
				5587D1892D9053CE00FC75F8 /* Frameworks */,
				5587D18A2D9053CE00FC75F8 /* Resources */,
				5587D1CD2D90578D00FC75F8 /* Embed Frameworks */,
			);
			buildRules = (
			);
			dependencies = (
			);
			fileSystemSynchronizedGroups = (
				5587D18D2D9053CE00FC75F8 /* iOS */,
				5587D1E02D90585500FC75F8 /* Shared */,
			);
			name = iOS;
			packageProductDependencies = (
				5587D1CE2D90579100FC75F8 /* SwiftProtobuf */,
				5587D1D02D90579600FC75F8 /* AsyncAlgorithms */,
			);
			productName = iOS;
			productReference = 5587D18C2D9053CE00FC75F8 /* iOS.app */;
			productType = "com.apple.product-type.application";
		};
/* End PBXNativeTarget section */

/* Begin PBXProject section */
		556ABF532D17A2C7004D6A05 /* Project object */ = {
			isa = PBXProject;
			attributes = {
				BuildIndependentTargetsInParallel = 1;
				LastSwiftUpdateCheck = 1620;
				LastUpgradeCheck = 1520;
				TargetAttributes = {
					556ABF6E2D17A2CA004D6A05 = {
						CreatedOnToolsVersion = 15.2;
						TestTargetID = 556ABF5A2D17A2C7004D6A05;
					};
					556ABF782D17A2CA004D6A05 = {
						CreatedOnToolsVersion = 15.2;
						TestTargetID = 556ABF5A2D17A2C7004D6A05;
					};
					5587D1742D90539F00FC75F8 = {
						CreatedOnToolsVersion = 16.2;
					};
					5587D18B2D9053CE00FC75F8 = {
						CreatedOnToolsVersion = 16.2;
					};
				};
			};
			buildConfigurationList = 556ABF562D17A2C7004D6A05 /* Build configuration list for PBXProject "elaborate" */;
			compatibilityVersion = "Xcode 14.0";
			developmentRegion = en;
			hasScannedForEncodings = 0;
			knownRegions = (
				en,
				Base,
			);
			mainGroup = 556ABF522D17A2C7004D6A05;
			packageReferences = (
				557A56942D1A6CAA00209EFF /* XCRemoteSwiftPackageReference "swift-protobuf" */,
				553B93582D263F2C001397D7 /* XCRemoteSwiftPackageReference "swift-async-algorithms" */,
			);
			productRefGroup = 556ABF5C2D17A2C7004D6A05 /* Products */;
			projectDirPath = "";
			projectRoot = "";
			targets = (
				5587D1742D90539F00FC75F8 /* macOS */,
				5587D18B2D9053CE00FC75F8 /* iOS */,
				556ABF6E2D17A2CA004D6A05 /* elaborateTests */,
				556ABF782D17A2CA004D6A05 /* elaborateUITests */,
			);
		};
/* End PBXProject section */

/* Begin PBXResourcesBuildPhase section */
		556ABF6D2D17A2CA004D6A05 /* Resources */ = {
			isa = PBXResourcesBuildPhase;
			buildActionMask = 2147483647;
			files = (
				557A569D2D1A6FB800209EFF /* README.md in Resources */,
			);
			runOnlyForDeploymentPostprocessing = 0;
		};
		556ABF772D17A2CA004D6A05 /* Resources */ = {
			isa = PBXResourcesBuildPhase;
			buildActionMask = 2147483647;
			files = (
				557A569C2D1A6FB800209EFF /* README.md in Resources */,
			);
			runOnlyForDeploymentPostprocessing = 0;
		};
		5587D1732D90539F00FC75F8 /* Resources */ = {
			isa = PBXResourcesBuildPhase;
			buildActionMask = 2147483647;
			files = (
			);
			runOnlyForDeploymentPostprocessing = 0;
		};
		5587D18A2D9053CE00FC75F8 /* Resources */ = {
			isa = PBXResourcesBuildPhase;
			buildActionMask = 2147483647;
			files = (
			);
			runOnlyForDeploymentPostprocessing = 0;
		};
/* End PBXResourcesBuildPhase section */

/* Begin PBXSourcesBuildPhase section */
		556ABF6B2D17A2CA004D6A05 /* Sources */ = {
			isa = PBXSourcesBuildPhase;
			buildActionMask = 2147483647;
			files = (
				557A56A42D1A6FF700209EFF /* transport.proto in Sources */,
				556ABF742D17A2CA004D6A05 /* elaborateTests.swift in Sources */,
			);
			runOnlyForDeploymentPostprocessing = 0;
		};
		556ABF752D17A2CA004D6A05 /* Sources */ = {
			isa = PBXSourcesBuildPhase;
			buildActionMask = 2147483647;
			files = (
				556ABF802D17A2CA004D6A05 /* elaborateUITestsLaunchTests.swift in Sources */,
				557A56A52D1A6FF700209EFF /* transport.proto in Sources */,
				556ABF7E2D17A2CA004D6A05 /* elaborateUITests.swift in Sources */,
			);
			runOnlyForDeploymentPostprocessing = 0;
		};
		5587D1712D90539F00FC75F8 /* Sources */ = {
			isa = PBXSourcesBuildPhase;
			buildActionMask = 2147483647;
			files = (
			);
			runOnlyForDeploymentPostprocessing = 0;
		};
		5587D1882D9053CE00FC75F8 /* Sources */ = {
			isa = PBXSourcesBuildPhase;
			buildActionMask = 2147483647;
			files = (
			);
			runOnlyForDeploymentPostprocessing = 0;
		};
/* End PBXSourcesBuildPhase section */

/* Begin XCBuildConfiguration section */
		556ABF812D17A2CA004D6A05 /* Debug */ = {
			isa = XCBuildConfiguration;
			buildSettings = {
				ALWAYS_SEARCH_USER_PATHS = NO;
				ASSETCATALOG_COMPILER_GENERATE_SWIFT_ASSET_SYMBOL_EXTENSIONS = YES;
				CLANG_ANALYZER_NONNULL = YES;
				CLANG_ANALYZER_NUMBER_OBJECT_CONVERSION = YES_AGGRESSIVE;
				CLANG_CXX_LANGUAGE_STANDARD = "gnu++20";
				CLANG_ENABLE_MODULES = YES;
				CLANG_ENABLE_OBJC_ARC = YES;
				CLANG_ENABLE_OBJC_WEAK = YES;
				CLANG_WARN_BLOCK_CAPTURE_AUTORELEASING = YES;
				CLANG_WARN_BOOL_CONVERSION = YES;
				CLANG_WARN_COMMA = YES;
				CLANG_WARN_CONSTANT_CONVERSION = YES;
				CLANG_WARN_DEPRECATED_OBJC_IMPLEMENTATIONS = YES;
				CLANG_WARN_DIRECT_OBJC_ISA_USAGE = YES_ERROR;
				CLANG_WARN_DOCUMENTATION_COMMENTS = YES;
				CLANG_WARN_EMPTY_BODY = YES;
				CLANG_WARN_ENUM_CONVERSION = YES;
				CLANG_WARN_INFINITE_RECURSION = YES;
				CLANG_WARN_INT_CONVERSION = YES;
				CLANG_WARN_NON_LITERAL_NULL_CONVERSION = YES;
				CLANG_WARN_OBJC_IMPLICIT_RETAIN_SELF = YES;
				CLANG_WARN_OBJC_LITERAL_CONVERSION = YES;
				CLANG_WARN_OBJC_ROOT_CLASS = YES_ERROR;
				CLANG_WARN_QUOTED_INCLUDE_IN_FRAMEWORK_HEADER = YES;
				CLANG_WARN_RANGE_LOOP_ANALYSIS = YES;
				CLANG_WARN_STRICT_PROTOTYPES = YES;
				CLANG_WARN_SUSPICIOUS_MOVE = YES;
				CLANG_WARN_UNGUARDED_AVAILABILITY = YES_AGGRESSIVE;
				CLANG_WARN_UNREACHABLE_CODE = YES;
				CLANG_WARN__DUPLICATE_METHOD_MATCH = YES;
				COPY_PHASE_STRIP = NO;
				DEBUG_INFORMATION_FORMAT = dwarf;
				ENABLE_STRICT_OBJC_MSGSEND = YES;
				ENABLE_TESTABILITY = YES;
				ENABLE_USER_SCRIPT_SANDBOXING = YES;
				GCC_C_LANGUAGE_STANDARD = gnu17;
				GCC_DYNAMIC_NO_PIC = NO;
				GCC_NO_COMMON_BLOCKS = YES;
				GCC_OPTIMIZATION_LEVEL = 0;
				GCC_PREPROCESSOR_DEFINITIONS = (
					"DEBUG=1",
					"$(inherited)",
				);
				GCC_WARN_64_TO_32_BIT_CONVERSION = YES;
				GCC_WARN_ABOUT_RETURN_TYPE = YES_ERROR;
				GCC_WARN_UNDECLARED_SELECTOR = YES;
				GCC_WARN_UNINITIALIZED_AUTOS = YES_AGGRESSIVE;
				GCC_WARN_UNUSED_FUNCTION = YES;
				GCC_WARN_UNUSED_VARIABLE = YES;
				LOCALIZATION_PREFERS_STRING_CATALOGS = YES;
				MTL_ENABLE_DEBUG_INFO = INCLUDE_SOURCE;
				MTL_FAST_MATH = YES;
				ONLY_ACTIVE_ARCH = YES;
				SWIFT_ACTIVE_COMPILATION_CONDITIONS = "DEBUG $(inherited)";
				SWIFT_OPTIMIZATION_LEVEL = "-Onone";
			};
			name = Debug;
		};
		556ABF822D17A2CA004D6A05 /* Release */ = {
			isa = XCBuildConfiguration;
			buildSettings = {
				ALWAYS_SEARCH_USER_PATHS = NO;
				ASSETCATALOG_COMPILER_GENERATE_SWIFT_ASSET_SYMBOL_EXTENSIONS = YES;
				CLANG_ANALYZER_NONNULL = YES;
				CLANG_ANALYZER_NUMBER_OBJECT_CONVERSION = YES_AGGRESSIVE;
				CLANG_CXX_LANGUAGE_STANDARD = "gnu++20";
				CLANG_ENABLE_MODULES = YES;
				CLANG_ENABLE_OBJC_ARC = YES;
				CLANG_ENABLE_OBJC_WEAK = YES;
				CLANG_WARN_BLOCK_CAPTURE_AUTORELEASING = YES;
				CLANG_WARN_BOOL_CONVERSION = YES;
				CLANG_WARN_COMMA = YES;
				CLANG_WARN_CONSTANT_CONVERSION = YES;
				CLANG_WARN_DEPRECATED_OBJC_IMPLEMENTATIONS = YES;
				CLANG_WARN_DIRECT_OBJC_ISA_USAGE = YES_ERROR;
				CLANG_WARN_DOCUMENTATION_COMMENTS = YES;
				CLANG_WARN_EMPTY_BODY = YES;
				CLANG_WARN_ENUM_CONVERSION = YES;
				CLANG_WARN_INFINITE_RECURSION = YES;
				CLANG_WARN_INT_CONVERSION = YES;
				CLANG_WARN_NON_LITERAL_NULL_CONVERSION = YES;
				CLANG_WARN_OBJC_IMPLICIT_RETAIN_SELF = YES;
				CLANG_WARN_OBJC_LITERAL_CONVERSION = YES;
				CLANG_WARN_OBJC_ROOT_CLASS = YES_ERROR;
				CLANG_WARN_QUOTED_INCLUDE_IN_FRAMEWORK_HEADER = YES;
				CLANG_WARN_RANGE_LOOP_ANALYSIS = YES;
				CLANG_WARN_STRICT_PROTOTYPES = YES;
				CLANG_WARN_SUSPICIOUS_MOVE = YES;
				CLANG_WARN_UNGUARDED_AVAILABILITY = YES_AGGRESSIVE;
				CLANG_WARN_UNREACHABLE_CODE = YES;
				CLANG_WARN__DUPLICATE_METHOD_MATCH = YES;
				COPY_PHASE_STRIP = NO;
				DEBUG_INFORMATION_FORMAT = "dwarf-with-dsym";
				ENABLE_NS_ASSERTIONS = NO;
				ENABLE_STRICT_OBJC_MSGSEND = YES;
				ENABLE_USER_SCRIPT_SANDBOXING = YES;
				GCC_C_LANGUAGE_STANDARD = gnu17;
				GCC_NO_COMMON_BLOCKS = YES;
				GCC_WARN_64_TO_32_BIT_CONVERSION = YES;
				GCC_WARN_ABOUT_RETURN_TYPE = YES_ERROR;
				GCC_WARN_UNDECLARED_SELECTOR = YES;
				GCC_WARN_UNINITIALIZED_AUTOS = YES_AGGRESSIVE;
				GCC_WARN_UNUSED_FUNCTION = YES;
				GCC_WARN_UNUSED_VARIABLE = YES;
				LOCALIZATION_PREFERS_STRING_CATALOGS = YES;
				MTL_ENABLE_DEBUG_INFO = NO;
				MTL_FAST_MATH = YES;
				SWIFT_COMPILATION_MODE = wholemodule;
			};
			name = Release;
		};
		556ABF872D17A2CA004D6A05 /* Debug */ = {
			isa = XCBuildConfiguration;
			buildSettings = {
				ALWAYS_EMBED_SWIFT_STANDARD_LIBRARIES = YES;
				BUNDLE_LOADER = "$(TEST_HOST)";
				CODE_SIGN_STYLE = Automatic;
				CURRENT_PROJECT_VERSION = 1;
				GENERATE_INFOPLIST_FILE = YES;
				IPHONEOS_DEPLOYMENT_TARGET = 17.2;
				MACOSX_DEPLOYMENT_TARGET = 13.7;
				MARKETING_VERSION = 1.0;
				PRODUCT_BUNDLE_IDENTIFIER = org.brandonroehl.elaborateTests;
				PRODUCT_NAME = "$(TARGET_NAME)";
				SDKROOT = auto;
				SUPPORTED_PLATFORMS = "iphoneos iphonesimulator macosx";
				SWIFT_EMIT_LOC_STRINGS = NO;
				SWIFT_VERSION = 5.0;
				TARGETED_DEVICE_FAMILY = "1,2";
				TEST_HOST = "$(BUILT_PRODUCTS_DIR)/elaborate.app/$(BUNDLE_EXECUTABLE_FOLDER_PATH)/elaborate";
			};
			name = Debug;
		};
		556ABF882D17A2CA004D6A05 /* Release */ = {
			isa = XCBuildConfiguration;
			buildSettings = {
				ALWAYS_EMBED_SWIFT_STANDARD_LIBRARIES = YES;
				BUNDLE_LOADER = "$(TEST_HOST)";
				CODE_SIGN_STYLE = Automatic;
				CURRENT_PROJECT_VERSION = 1;
				GENERATE_INFOPLIST_FILE = YES;
				IPHONEOS_DEPLOYMENT_TARGET = 17.2;
				MACOSX_DEPLOYMENT_TARGET = 13.7;
				MARKETING_VERSION = 1.0;
				PRODUCT_BUNDLE_IDENTIFIER = org.brandonroehl.elaborateTests;
				PRODUCT_NAME = "$(TARGET_NAME)";
				SDKROOT = auto;
				SUPPORTED_PLATFORMS = "iphoneos iphonesimulator macosx";
				SWIFT_EMIT_LOC_STRINGS = NO;
				SWIFT_VERSION = 5.0;
				TARGETED_DEVICE_FAMILY = "1,2";
				TEST_HOST = "$(BUILT_PRODUCTS_DIR)/elaborate.app/$(BUNDLE_EXECUTABLE_FOLDER_PATH)/elaborate";
			};
			name = Release;
		};
		556ABF8A2D17A2CA004D6A05 /* Debug */ = {
			isa = XCBuildConfiguration;
			buildSettings = {
				ALWAYS_EMBED_SWIFT_STANDARD_LIBRARIES = YES;
				CODE_SIGN_STYLE = Automatic;
				CURRENT_PROJECT_VERSION = 1;
				GENERATE_INFOPLIST_FILE = YES;
				IPHONEOS_DEPLOYMENT_TARGET = 17.2;
				MACOSX_DEPLOYMENT_TARGET = 13.7;
				MARKETING_VERSION = 1.0;
				PRODUCT_BUNDLE_IDENTIFIER = org.brandonroehl.elaborateUITests;
				PRODUCT_NAME = "$(TARGET_NAME)";
				SDKROOT = auto;
				SUPPORTED_PLATFORMS = "iphoneos iphonesimulator macosx";
				SWIFT_EMIT_LOC_STRINGS = NO;
				SWIFT_VERSION = 5.0;
				TARGETED_DEVICE_FAMILY = "1,2";
				TEST_TARGET_NAME = elaborate;
			};
			name = Debug;
		};
		556ABF8B2D17A2CA004D6A05 /* Release */ = {
			isa = XCBuildConfiguration;
			buildSettings = {
				ALWAYS_EMBED_SWIFT_STANDARD_LIBRARIES = YES;
				CODE_SIGN_STYLE = Automatic;
				CURRENT_PROJECT_VERSION = 1;
				GENERATE_INFOPLIST_FILE = YES;
				IPHONEOS_DEPLOYMENT_TARGET = 17.2;
				MACOSX_DEPLOYMENT_TARGET = 13.7;
				MARKETING_VERSION = 1.0;
				PRODUCT_BUNDLE_IDENTIFIER = org.brandonroehl.elaborateUITests;
				PRODUCT_NAME = "$(TARGET_NAME)";
				SDKROOT = auto;
				SUPPORTED_PLATFORMS = "iphoneos iphonesimulator macosx";
				SWIFT_EMIT_LOC_STRINGS = NO;
				SWIFT_VERSION = 5.0;
				TARGETED_DEVICE_FAMILY = "1,2";
				TEST_TARGET_NAME = elaborate;
			};
			name = Release;
		};
		5587D1862D90539F00FC75F8 /* Debug */ = {
			isa = XCBuildConfiguration;
			buildSettings = {
				ASSETCATALOG_COMPILER_APPICON_NAME = AppIcon;
				ASSETCATALOG_COMPILER_GLOBAL_ACCENT_COLOR_NAME = AccentColor;
				CODE_SIGN_ENTITLEMENTS = Shared/elaborate.entitlements;
				"CODE_SIGN_IDENTITY[sdk=macosx*]" = "Apple Development";
				CODE_SIGN_STYLE = Automatic;
				COMBINE_HIDPI_IMAGES = YES;
				CURRENT_PROJECT_VERSION = 1;
				DEVELOPMENT_TEAM = V7JGZY6Z4Z;
				ENABLE_HARDENED_RUNTIME = YES;
				GENERATE_INFOPLIST_FILE = YES;
				INFOPLIST_FILE = Shared/Info.plist;
				INFOPLIST_KEY_NSHumanReadableCopyright = "";
				INFOPLIST_KEY_NSMainStoryboardFile = Main;
				INFOPLIST_KEY_NSPrincipalClass = NSApplication;
				LD_RUNPATH_SEARCH_PATHS = (
					"$(inherited)",
					"@executable_path/../Frameworks",
				);
				MACOSX_DEPLOYMENT_TARGET = 15.2;
				MARKETING_VERSION = 1.0;
				PRODUCT_BUNDLE_IDENTIFIER = org.brandonroehl.elaborate;
				PRODUCT_NAME = "$(TARGET_NAME)";
				SDKROOT = macosx;
				SWIFT_EMIT_LOC_STRINGS = YES;
				SWIFT_VERSION = 5.0;
			};
			name = Debug;
		};
		5587D1872D90539F00FC75F8 /* Release */ = {
			isa = XCBuildConfiguration;
			buildSettings = {
				ASSETCATALOG_COMPILER_APPICON_NAME = AppIcon;
				ASSETCATALOG_COMPILER_GLOBAL_ACCENT_COLOR_NAME = AccentColor;
				CODE_SIGN_ENTITLEMENTS = Shared/elaborate.entitlements;
				"CODE_SIGN_IDENTITY[sdk=macosx*]" = "Apple Development";
				CODE_SIGN_STYLE = Automatic;
				COMBINE_HIDPI_IMAGES = YES;
				CURRENT_PROJECT_VERSION = 1;
				DEVELOPMENT_TEAM = V7JGZY6Z4Z;
				ENABLE_HARDENED_RUNTIME = YES;
				GENERATE_INFOPLIST_FILE = YES;
				INFOPLIST_FILE = Shared/Info.plist;
				INFOPLIST_KEY_NSHumanReadableCopyright = "";
				INFOPLIST_KEY_NSMainStoryboardFile = Main;
				INFOPLIST_KEY_NSPrincipalClass = NSApplication;
				LD_RUNPATH_SEARCH_PATHS = (
					"$(inherited)",
					"@executable_path/../Frameworks",
				);
				MACOSX_DEPLOYMENT_TARGET = 15.2;
				MARKETING_VERSION = 1.0;
				PRODUCT_BUNDLE_IDENTIFIER = org.brandonroehl.elaborate;
				PRODUCT_NAME = "$(TARGET_NAME)";
				SDKROOT = macosx;
				SWIFT_EMIT_LOC_STRINGS = YES;
				SWIFT_VERSION = 5.0;
			};
			name = Release;
		};
		5587D19E2D9053CF00FC75F8 /* Debug */ = {
			isa = XCBuildConfiguration;
			buildSettings = {
				ASSETCATALOG_COMPILER_APPICON_NAME = AppIcon;
				ASSETCATALOG_COMPILER_GLOBAL_ACCENT_COLOR_NAME = AccentColor;
				CODE_SIGN_STYLE = Automatic;
				CURRENT_PROJECT_VERSION = 1;
				DEVELOPMENT_TEAM = V7JGZY6Z4Z;
				GENERATE_INFOPLIST_FILE = YES;
				INFOPLIST_FILE = Shared/Info.plist;
				INFOPLIST_KEY_UIApplicationSupportsIndirectInputEvents = YES;
				INFOPLIST_KEY_UILaunchStoryboardName = LaunchScreen;
				INFOPLIST_KEY_UISupportedInterfaceOrientations_iPad = "UIInterfaceOrientationPortrait UIInterfaceOrientationPortraitUpsideDown UIInterfaceOrientationLandscapeLeft UIInterfaceOrientationLandscapeRight";
				INFOPLIST_KEY_UISupportedInterfaceOrientations_iPhone = "UIInterfaceOrientationPortrait UIInterfaceOrientationLandscapeLeft UIInterfaceOrientationLandscapeRight";
				INFOPLIST_KEY_UISupportsDocumentBrowser = YES;
				IPHONEOS_DEPLOYMENT_TARGET = 18.2;
				LD_RUNPATH_SEARCH_PATHS = (
					"$(inherited)",
					"@executable_path/Frameworks",
				);
				MARKETING_VERSION = 1.0;
				PRODUCT_BUNDLE_IDENTIFIER = org.brandonroehl.elaborate;
				PRODUCT_NAME = "$(TARGET_NAME)";
				SDKROOT = iphoneos;
				SWIFT_EMIT_LOC_STRINGS = YES;
				SWIFT_VERSION = 5.0;
				TARGETED_DEVICE_FAMILY = "1,2";
			};
			name = Debug;
		};
		5587D19F2D9053CF00FC75F8 /* Release */ = {
			isa = XCBuildConfiguration;
			buildSettings = {
				ASSETCATALOG_COMPILER_APPICON_NAME = AppIcon;
				ASSETCATALOG_COMPILER_GLOBAL_ACCENT_COLOR_NAME = AccentColor;
				CODE_SIGN_STYLE = Automatic;
				CURRENT_PROJECT_VERSION = 1;
				DEVELOPMENT_TEAM = V7JGZY6Z4Z;
				GENERATE_INFOPLIST_FILE = YES;
				INFOPLIST_FILE = Shared/Info.plist;
				INFOPLIST_KEY_UIApplicationSupportsIndirectInputEvents = YES;
				INFOPLIST_KEY_UILaunchStoryboardName = LaunchScreen;
				INFOPLIST_KEY_UISupportedInterfaceOrientations_iPad = "UIInterfaceOrientationPortrait UIInterfaceOrientationPortraitUpsideDown UIInterfaceOrientationLandscapeLeft UIInterfaceOrientationLandscapeRight";
				INFOPLIST_KEY_UISupportedInterfaceOrientations_iPhone = "UIInterfaceOrientationPortrait UIInterfaceOrientationLandscapeLeft UIInterfaceOrientationLandscapeRight";
				INFOPLIST_KEY_UISupportsDocumentBrowser = YES;
				IPHONEOS_DEPLOYMENT_TARGET = 18.2;
				LD_RUNPATH_SEARCH_PATHS = (
					"$(inherited)",
					"@executable_path/Frameworks",
				);
				MARKETING_VERSION = 1.0;
				PRODUCT_BUNDLE_IDENTIFIER = org.brandonroehl.elaborate;
				PRODUCT_NAME = "$(TARGET_NAME)";
				SDKROOT = iphoneos;
				SWIFT_EMIT_LOC_STRINGS = YES;
				SWIFT_VERSION = 5.0;
				TARGETED_DEVICE_FAMILY = "1,2";
				VALIDATE_PRODUCT = YES;
			};
			name = Release;
		};
/* End XCBuildConfiguration section */

/* Begin XCConfigurationList section */
		556ABF562D17A2C7004D6A05 /* Build configuration list for PBXProject "elaborate" */ = {
			isa = XCConfigurationList;
			buildConfigurations = (
				556ABF812D17A2CA004D6A05 /* Debug */,
				556ABF822D17A2CA004D6A05 /* Release */,
			);
			defaultConfigurationIsVisible = 0;
			defaultConfigurationName = Release;
		};
		556ABF862D17A2CA004D6A05 /* Build configuration list for PBXNativeTarget "elaborateTests" */ = {
			isa = XCConfigurationList;
			buildConfigurations = (
				556ABF872D17A2CA004D6A05 /* Debug */,
				556ABF882D17A2CA004D6A05 /* Release */,
			);
			defaultConfigurationIsVisible = 0;
			defaultConfigurationName = Release;
		};
		556ABF892D17A2CA004D6A05 /* Build configuration list for PBXNativeTarget "elaborateUITests" */ = {
			isa = XCConfigurationList;
			buildConfigurations = (
				556ABF8A2D17A2CA004D6A05 /* Debug */,
				556ABF8B2D17A2CA004D6A05 /* Release */,
			);
			defaultConfigurationIsVisible = 0;
			defaultConfigurationName = Release;
		};
		5587D1852D90539F00FC75F8 /* Build configuration list for PBXNativeTarget "macOS" */ = {
			isa = XCConfigurationList;
			buildConfigurations = (
				5587D1862D90539F00FC75F8 /* Debug */,
				5587D1872D90539F00FC75F8 /* Release */,
			);
			defaultConfigurationIsVisible = 0;
			defaultConfigurationName = Release;
		};
		5587D19D2D9053CF00FC75F8 /* Build configuration list for PBXNativeTarget "iOS" */ = {
			isa = XCConfigurationList;
			buildConfigurations = (
				5587D19E2D9053CF00FC75F8 /* Debug */,
				5587D19F2D9053CF00FC75F8 /* Release */,
			);
			defaultConfigurationIsVisible = 0;
			defaultConfigurationName = Release;
		};
/* End XCConfigurationList section */

/* Begin XCRemoteSwiftPackageReference section */
		553B93582D263F2C001397D7 /* XCRemoteSwiftPackageReference "swift-async-algorithms" */ = {
			isa = XCRemoteSwiftPackageReference;
			repositoryURL = "https://github.com/apple/swift-async-algorithms.git";
			requirement = {
				kind = upToNextMajorVersion;
				minimumVersion = 1.0.3;
			};
		};
		557A56942D1A6CAA00209EFF /* XCRemoteSwiftPackageReference "swift-protobuf" */ = {
			isa = XCRemoteSwiftPackageReference;
			repositoryURL = "https://github.com/apple/swift-protobuf.git";
			requirement = {
				kind = upToNextMajorVersion;
				minimumVersion = 1.28.2;
			};
		};
/* End XCRemoteSwiftPackageReference section */

/* Begin XCSwiftPackageProductDependency section */
		5587D1C72D90578400FC75F8 /* SwiftProtobuf */ = {
			isa = XCSwiftPackageProductDependency;
			package = 557A56942D1A6CAA00209EFF /* XCRemoteSwiftPackageReference "swift-protobuf" */;
			productName = SwiftProtobuf;
		};
		5587D1C92D90578700FC75F8 /* AsyncAlgorithms */ = {
			isa = XCSwiftPackageProductDependency;
			package = 553B93582D263F2C001397D7 /* XCRemoteSwiftPackageReference "swift-async-algorithms" */;
			productName = AsyncAlgorithms;
		};
		5587D1CE2D90579100FC75F8 /* SwiftProtobuf */ = {
			isa = XCSwiftPackageProductDependency;
			package = 557A56942D1A6CAA00209EFF /* XCRemoteSwiftPackageReference "swift-protobuf" */;
			productName = SwiftProtobuf;
		};
		5587D1D02D90579600FC75F8 /* AsyncAlgorithms */ = {
			isa = XCSwiftPackageProductDependency;
			package = 553B93582D263F2C001397D7 /* XCRemoteSwiftPackageReference "swift-async-algorithms" */;
			productName = AsyncAlgorithms;
		};
/* End XCSwiftPackageProductDependency section */
	};
	rootObject = 556ABF532D17A2C7004D6A05 /* Project object */;
}
